
Microsoft Visual Studio Solution File, Format Version 12.00
# Visual Studio 15
VisualStudioVersion = 15.0.28307.136
MinimumVisualStudioVersion = 10.0.40219.1
Project("{FAE04EC0-301F-11D3-BF4B-00C04F79EFBC}") = "test", "test\test.csproj", "{41C88129-9A34-4CFB-A39C-ADAD0392F61D}"
EndProject
Global
	GlobalSection(SolutionConfigurationPlatforms) = preSolution
		Debug|Any CPU = Debug|Any CPU
		Release|Any CPU = Release|Any CPU
	EndGlobalSection
	GlobalSection(ProjectConfigurationPlatforms) = postSolution
		{41C88129-9A34-4CFB-A39C-ADAD0392F61D}.Debug|Any CPU.ActiveCfg = Debug|Any CPU
		{41C88129-9A34-4CFB-A39C-ADAD0392F61D}.Debug|Any CPU.Build.0 = Debug|Any CPU
		{41C88129-9A34-4CFB-A39C-ADAD0392F61D}.Release|Any CPU.ActiveCfg = Release|Any CPU
		{41C88129-9A34-4CFB-A39C-ADAD0392F61D}.Release|Any CPU.Build.0 = Release|Any CPU
	EndGlobalSection
	GlobalSection(SolutionProperties) = preSolution
		HideSolutionNode = FALSE
	EndGlobalSection
	GlobalSection(ExtensibilityGlobals) = postSolution
		SolutionGuid = {CC707EBE-D986-447D-8AF4-19FDA8638ACC}
	EndGlobalSection
EndGlobal
