
Microsoft Visual Studio Solution File, Format Version 12.00
# Visual Studio 15
VisualStudioVersion = 15.0.28307.136
MinimumVisualStudioVersion = 10.0.40219.1
Project("{9A19103F-16F7-4668-BE54-9A1E7A4F7556}") = "01 Data Types", "01 Data Types\01 Data Types.csproj", "{1043CD10-184C-452F-B801-DEAF5C9B126A}"
EndProject
Project("{9A19103F-16F7-4668-BE54-9A1E7A4F7556}") = "02 Center Point", "02 Center Point\02 Center Point.csproj", "{1BD6714E-83EB-45EA-93B3-61CBA9A7E635}"
EndProject
Project("{FAE04EC0-301F-11D3-BF4B-00C04F79EFBC}") = "03 Longer Line", "03 Longer Line\03 Longer Line.csproj", "{336448DD-9778-4616-ABB8-8E2AF7E84AEE}"
EndProject
Global
	GlobalSection(SolutionConfigurationPlatforms) = preSolution
		Debug|Any CPU = Debug|Any CPU
		Release|Any CPU = Release|Any CPU
	EndGlobalSection
	GlobalSection(ProjectConfigurationPlatforms) = postSolution
		{1043CD10-184C-452F-B801-DEAF5C9B126A}.Debug|Any CPU.ActiveCfg = Debug|Any CPU
		{1043CD10-184C-452F-B801-DEAF5C9B126A}.Debug|Any CPU.Build.0 = Debug|Any CPU
		{1043CD10-184C-452F-B801-DEAF5C9B126A}.Release|Any CPU.ActiveCfg = Release|Any CPU
		{1043CD10-184C-452F-B801-DEAF5C9B126A}.Release|Any CPU.Build.0 = Release|Any CPU
		{1BD6714E-83EB-45EA-93B3-61CBA9A7E635}.Debug|Any CPU.ActiveCfg = Debug|Any CPU
		{1BD6714E-83EB-45EA-93B3-61CBA9A7E635}.Debug|Any CPU.Build.0 = Debug|Any CPU
		{1BD6714E-83EB-45EA-93B3-61CBA9A7E635}.Release|Any CPU.ActiveCfg = Release|Any CPU
		{1BD6714E-83EB-45EA-93B3-61CBA9A7E635}.Release|Any CPU.Build.0 = Release|Any CPU
		{336448DD-9778-4616-ABB8-8E2AF7E84AEE}.Debug|Any CPU.ActiveCfg = Debug|Any CPU
		{336448DD-9778-4616-ABB8-8E2AF7E84AEE}.Debug|Any CPU.Build.0 = Debug|Any CPU
		{336448DD-9778-4616-ABB8-8E2AF7E84AEE}.Release|Any CPU.ActiveCfg = Release|Any CPU
		{336448DD-9778-4616-ABB8-8E2AF7E84AEE}.Release|Any CPU.Build.0 = Release|Any CPU
	EndGlobalSection
	GlobalSection(SolutionProperties) = preSolution
		HideSolutionNode = FALSE
	EndGlobalSection
	GlobalSection(ExtensibilityGlobals) = postSolution
		SolutionGuid = {BDFB2550-3A8F-4BB3-B396-4FC3D568FEA9}
	EndGlobalSection
EndGlobal
