
Microsoft Visual Studio Solution File, Format Version 12.00
# Visual Studio Version 16
VisualStudioVersion = 16.0.28902.138
MinimumVisualStudioVersion = 10.0.40219.1
Project("{9A19103F-16F7-4668-BE54-9A1E7A4F7556}") = "01 Sum Matrix Elements", "01 Sum Matrix Elements\01 Sum Matrix Elements.csproj", "{E073CD4E-0EE8-46BC-BCFF-757B6F10EBA9}"
EndProject
Project("{9A19103F-16F7-4668-BE54-9A1E7A4F7556}") = "02 Sum Matrix Columns", "02 Sum Matrix Columns\02 Sum Matrix Columns.csproj", "{7B6E347B-18DB-4262-971F-B71DAAF830E5}"
EndProject
Project("{9A19103F-16F7-4668-BE54-9A1E7A4F7556}") = "03 Primary Diagonal", "03 Primary Diagonal\03 Primary Diagonal.csproj", "{B6F662C0-50EA-4885-BB6E-560B9552E7A1}"
EndProject
Project("{9A19103F-16F7-4668-BE54-9A1E7A4F7556}") = "04 Symbol in Matrix", "04 Symbol in Matrix\04 Symbol in Matrix.csproj", "{CEE9A3D9-F4EB-4C95-AF97-11BDE482DC3F}"
EndProject
Project("{9A19103F-16F7-4668-BE54-9A1E7A4F7556}") = "05 Square with Maximum Sum", "05 Square with Maximum Sum\05 Square with Maximum Sum.csproj", "{CB4AB497-22FB-44C5-A125-9BFED7810401}"
EndProject
Project("{9A19103F-16F7-4668-BE54-9A1E7A4F7556}") = "06 Jagged-Array Modification", "06 Jagged-Array Modification\06 Jagged-Array Modification.csproj", "{34088355-71AB-4D01-B1DF-4CEC56018D45}"
EndProject
Project("{FAE04EC0-301F-11D3-BF4B-00C04F79EFBC}") = "07 Pascal Triangle", "07 Pascal Triangle\07 Pascal Triangle.csproj", "{95F54FFD-982B-4259-AB14-CC74BB1EE14E}"
EndProject
Global
	GlobalSection(SolutionConfigurationPlatforms) = preSolution
		Debug|Any CPU = Debug|Any CPU
		Release|Any CPU = Release|Any CPU
	EndGlobalSection
	GlobalSection(ProjectConfigurationPlatforms) = postSolution
		{E073CD4E-0EE8-46BC-BCFF-757B6F10EBA9}.Debug|Any CPU.ActiveCfg = Debug|Any CPU
		{E073CD4E-0EE8-46BC-BCFF-757B6F10EBA9}.Debug|Any CPU.Build.0 = Debug|Any CPU
		{E073CD4E-0EE8-46BC-BCFF-757B6F10EBA9}.Release|Any CPU.ActiveCfg = Release|Any CPU
		{E073CD4E-0EE8-46BC-BCFF-757B6F10EBA9}.Release|Any CPU.Build.0 = Release|Any CPU
		{7B6E347B-18DB-4262-971F-B71DAAF830E5}.Debug|Any CPU.ActiveCfg = Debug|Any CPU
		{7B6E347B-18DB-4262-971F-B71DAAF830E5}.Debug|Any CPU.Build.0 = Debug|Any CPU
		{7B6E347B-18DB-4262-971F-B71DAAF830E5}.Release|Any CPU.ActiveCfg = Release|Any CPU
		{7B6E347B-18DB-4262-971F-B71DAAF830E5}.Release|Any CPU.Build.0 = Release|Any CPU
		{B6F662C0-50EA-4885-BB6E-560B9552E7A1}.Debug|Any CPU.ActiveCfg = Debug|Any CPU
		{B6F662C0-50EA-4885-BB6E-560B9552E7A1}.Debug|Any CPU.Build.0 = Debug|Any CPU
		{B6F662C0-50EA-4885-BB6E-560B9552E7A1}.Release|Any CPU.ActiveCfg = Release|Any CPU
		{B6F662C0-50EA-4885-BB6E-560B9552E7A1}.Release|Any CPU.Build.0 = Release|Any CPU
		{CEE9A3D9-F4EB-4C95-AF97-11BDE482DC3F}.Debug|Any CPU.ActiveCfg = Debug|Any CPU
		{CEE9A3D9-F4EB-4C95-AF97-11BDE482DC3F}.Debug|Any CPU.Build.0 = Debug|Any CPU
		{CEE9A3D9-F4EB-4C95-AF97-11BDE482DC3F}.Release|Any CPU.ActiveCfg = Release|Any CPU
		{CEE9A3D9-F4EB-4C95-AF97-11BDE482DC3F}.Release|Any CPU.Build.0 = Release|Any CPU
		{CB4AB497-22FB-44C5-A125-9BFED7810401}.Debug|Any CPU.ActiveCfg = Debug|Any CPU
		{CB4AB497-22FB-44C5-A125-9BFED7810401}.Debug|Any CPU.Build.0 = Debug|Any CPU
		{CB4AB497-22FB-44C5-A125-9BFED7810401}.Release|Any CPU.ActiveCfg = Release|Any CPU
		{CB4AB497-22FB-44C5-A125-9BFED7810401}.Release|Any CPU.Build.0 = Release|Any CPU
		{34088355-71AB-4D01-B1DF-4CEC56018D45}.Debug|Any CPU.ActiveCfg = Debug|Any CPU
		{34088355-71AB-4D01-B1DF-4CEC56018D45}.Debug|Any CPU.Build.0 = Debug|Any CPU
		{34088355-71AB-4D01-B1DF-4CEC56018D45}.Release|Any CPU.ActiveCfg = Release|Any CPU
		{34088355-71AB-4D01-B1DF-4CEC56018D45}.Release|Any CPU.Build.0 = Release|Any CPU
		{95F54FFD-982B-4259-AB14-CC74BB1EE14E}.Debug|Any CPU.ActiveCfg = Debug|Any CPU
		{95F54FFD-982B-4259-AB14-CC74BB1EE14E}.Debug|Any CPU.Build.0 = Debug|Any CPU
		{95F54FFD-982B-4259-AB14-CC74BB1EE14E}.Release|Any CPU.ActiveCfg = Release|Any CPU
		{95F54FFD-982B-4259-AB14-CC74BB1EE14E}.Release|Any CPU.Build.0 = Release|Any CPU
	EndGlobalSection
	GlobalSection(SolutionProperties) = preSolution
		HideSolutionNode = FALSE
	EndGlobalSection
	GlobalSection(ExtensibilityGlobals) = postSolution
		SolutionGuid = {845538B9-63BB-4574-AB59-A4C79B38735F}
	EndGlobalSection
EndGlobal
