
Microsoft Visual Studio Solution File, Format Version 12.00
# Visual Studio Version 16
VisualStudioVersion = 16.0.29021.104
MinimumVisualStudioVersion = 10.0.40219.1
Project("{9A19103F-16F7-4668-BE54-9A1E7A4F7556}") = "Persons", "Persons\Persons.csproj", "{F956DC24-31DF-4CD6-8871-067901497E72}"
EndProject
Project("{9A19103F-16F7-4668-BE54-9A1E7A4F7556}") = "Salary", "Salary\Salary.csproj", "{92FDF7B6-BBC2-42A7-8D89-F5DF8E5D28DD}"
EndProject
Project("{9A19103F-16F7-4668-BE54-9A1E7A4F7556}") = "Validation", "Validation\Validation.csproj", "{AE30449E-51DC-4818-B501-57738532AEE6}"
EndProject
Project("{FAE04EC0-301F-11D3-BF4B-00C04F79EFBC}") = "Team", "Team\Team.csproj", "{F8E70912-796E-46CF-ADAD-AE8EDA2DC9A1}"
EndProject
Global
	GlobalSection(SolutionConfigurationPlatforms) = preSolution
		Debug|Any CPU = Debug|Any CPU
		Release|Any CPU = Release|Any CPU
	EndGlobalSection
	GlobalSection(ProjectConfigurationPlatforms) = postSolution
		{F956DC24-31DF-4CD6-8871-067901497E72}.Debug|Any CPU.ActiveCfg = Debug|Any CPU
		{F956DC24-31DF-4CD6-8871-067901497E72}.Debug|Any CPU.Build.0 = Debug|Any CPU
		{F956DC24-31DF-4CD6-8871-067901497E72}.Release|Any CPU.ActiveCfg = Release|Any CPU
		{F956DC24-31DF-4CD6-8871-067901497E72}.Release|Any CPU.Build.0 = Release|Any CPU
		{92FDF7B6-BBC2-42A7-8D89-F5DF8E5D28DD}.Debug|Any CPU.ActiveCfg = Debug|Any CPU
		{92FDF7B6-BBC2-42A7-8D89-F5DF8E5D28DD}.Debug|Any CPU.Build.0 = Debug|Any CPU
		{92FDF7B6-BBC2-42A7-8D89-F5DF8E5D28DD}.Release|Any CPU.ActiveCfg = Release|Any CPU
		{92FDF7B6-BBC2-42A7-8D89-F5DF8E5D28DD}.Release|Any CPU.Build.0 = Release|Any CPU
		{AE30449E-51DC-4818-B501-57738532AEE6}.Debug|Any CPU.ActiveCfg = Debug|Any CPU
		{AE30449E-51DC-4818-B501-57738532AEE6}.Debug|Any CPU.Build.0 = Debug|Any CPU
		{AE30449E-51DC-4818-B501-57738532AEE6}.Release|Any CPU.ActiveCfg = Release|Any CPU
		{AE30449E-51DC-4818-B501-57738532AEE6}.Release|Any CPU.Build.0 = Release|Any CPU
		{F8E70912-796E-46CF-ADAD-AE8EDA2DC9A1}.Debug|Any CPU.ActiveCfg = Debug|Any CPU
		{F8E70912-796E-46CF-ADAD-AE8EDA2DC9A1}.Debug|Any CPU.Build.0 = Debug|Any CPU
		{F8E70912-796E-46CF-ADAD-AE8EDA2DC9A1}.Release|Any CPU.ActiveCfg = Release|Any CPU
		{F8E70912-796E-46CF-ADAD-AE8EDA2DC9A1}.Release|Any CPU.Build.0 = Release|Any CPU
	EndGlobalSection
	GlobalSection(SolutionProperties) = preSolution
		HideSolutionNode = FALSE
	EndGlobalSection
	GlobalSection(ExtensibilityGlobals) = postSolution
		SolutionGuid = {F51BF848-4F82-4A15-975C-BD838BE4E4B8}
	EndGlobalSection
EndGlobal
