
Microsoft Visual Studio Solution File, Format Version 12.00
# Visual Studio Version 16
VisualStudioVersion = 16.0.29021.104
MinimumVisualStudioVersion = 10.0.40219.1
Project("{FAE04EC0-301F-11D3-BF4B-00C04F79EFBC}") = "01 Rhombus of Stars", "01 Rhombus of Stars\01 Rhombus of Stars.csproj", "{4EE35D09-A743-4B7A-A908-B405496A2BE6}"
EndProject
Project("{FAE04EC0-301F-11D3-BF4B-00C04F79EFBC}") = "PointInRectangle", "PointInRectangle\PointInRectangle.csproj", "{0701C108-62C2-4352-8A69-E5D42D624B21}"
EndProject
Project("{FAE04EC0-301F-11D3-BF4B-00C04F79EFBC}") = "StudentSystem", "StudentSystem\StudentSystem.csproj", "{6B96E1A0-A5FE-4990-86FD-CA24D65C2A05}"
EndProject
Project("{FAE04EC0-301F-11D3-BF4B-00C04F79EFBC}") = "HotelReservation", "HotelReservation\HotelReservation.csproj", "{64D2C8B9-28C1-4764-B291-14C5C1184CC8}"
EndProject
Global
	GlobalSection(SolutionConfigurationPlatforms) = preSolution
		Debug|Any CPU = Debug|Any CPU
		Release|Any CPU = Release|Any CPU
	EndGlobalSection
	GlobalSection(ProjectConfigurationPlatforms) = postSolution
		{4EE35D09-A743-4B7A-A908-B405496A2BE6}.Debug|Any CPU.ActiveCfg = Debug|Any CPU
		{4EE35D09-A743-4B7A-A908-B405496A2BE6}.Debug|Any CPU.Build.0 = Debug|Any CPU
		{4EE35D09-A743-4B7A-A908-B405496A2BE6}.Release|Any CPU.ActiveCfg = Release|Any CPU
		{4EE35D09-A743-4B7A-A908-B405496A2BE6}.Release|Any CPU.Build.0 = Release|Any CPU
		{0701C108-62C2-4352-8A69-E5D42D624B21}.Debug|Any CPU.ActiveCfg = Debug|Any CPU
		{0701C108-62C2-4352-8A69-E5D42D624B21}.Debug|Any CPU.Build.0 = Debug|Any CPU
		{0701C108-62C2-4352-8A69-E5D42D624B21}.Release|Any CPU.ActiveCfg = Release|Any CPU
		{0701C108-62C2-4352-8A69-E5D42D624B21}.Release|Any CPU.Build.0 = Release|Any CPU
		{6B96E1A0-A5FE-4990-86FD-CA24D65C2A05}.Debug|Any CPU.ActiveCfg = Debug|Any CPU
		{6B96E1A0-A5FE-4990-86FD-CA24D65C2A05}.Debug|Any CPU.Build.0 = Debug|Any CPU
		{6B96E1A0-A5FE-4990-86FD-CA24D65C2A05}.Release|Any CPU.ActiveCfg = Release|Any CPU
		{6B96E1A0-A5FE-4990-86FD-CA24D65C2A05}.Release|Any CPU.Build.0 = Release|Any CPU
		{64D2C8B9-28C1-4764-B291-14C5C1184CC8}.Debug|Any CPU.ActiveCfg = Debug|Any CPU
		{64D2C8B9-28C1-4764-B291-14C5C1184CC8}.Debug|Any CPU.Build.0 = Debug|Any CPU
		{64D2C8B9-28C1-4764-B291-14C5C1184CC8}.Release|Any CPU.ActiveCfg = Release|Any CPU
		{64D2C8B9-28C1-4764-B291-14C5C1184CC8}.Release|Any CPU.Build.0 = Release|Any CPU
	EndGlobalSection
	GlobalSection(SolutionProperties) = preSolution
		HideSolutionNode = FALSE
	EndGlobalSection
	GlobalSection(ExtensibilityGlobals) = postSolution
		SolutionGuid = {CE8AA3BF-0490-4B02-BF5F-9BF17F7D474D}
	EndGlobalSection
EndGlobal
