
Microsoft Visual Studio Solution File, Format Version 12.00
# Visual Studio 15
VisualStudioVersion = 15.0.28010.2041
MinimumVisualStudioVersion = 10.0.40219.1
Project("{FAE04EC0-301F-11D3-BF4B-00C04F79EFBC}") = "01. Numbers from 1 to 100", "01. Numbers from 1 to 100\01. Numbers from 1 to 100.csproj", "{F74DFF79-44E4-426D-87F2-A8484E913CEE}"
EndProject
Project("{FAE04EC0-301F-11D3-BF4B-00C04F79EFBC}") = "02. Latin Letters", "02. Latin Letters\02. Latin Letters.csproj", "{4D7632D1-42C2-4617-8797-C3C4D8C26D25}"
EndProject
Project("{FAE04EC0-301F-11D3-BF4B-00C04F79EFBC}") = "03. Sum Numbers", "03. Sum Numbers\03. Sum Numbers.csproj", "{228989DC-86FB-4A9D-BB0D-B29B03057D77}"
EndProject
Project("{FAE04EC0-301F-11D3-BF4B-00C04F79EFBC}") = "04. Max Number", "04. Max Number\04. Max Number.csproj", "{FE76FE4B-6B6A-478D-A803-471C29410879}"
EndProject
Project("{FAE04EC0-301F-11D3-BF4B-00C04F79EFBC}") = "05. Min Number", "05. Min Number\05. Min Number.csproj", "{B97CA1EF-126F-455F-908A-2DB26593570A}"
EndProject
Project("{FAE04EC0-301F-11D3-BF4B-00C04F79EFBC}") = "06. Left and Right Sum", "06. Left and Right Sum\06. Left and Right Sum.csproj", "{F9AB1DD1-6088-4EFA-8E16-488BD463220C}"
EndProject
Project("{FAE04EC0-301F-11D3-BF4B-00C04F79EFBC}") = "07. Odd Even Sum", "07. Odd Even Sum\07. Odd Even Sum.csproj", "{06263D6F-C043-4C59-A5D9-1B90A88EF917}"
EndProject
Project("{FAE04EC0-301F-11D3-BF4B-00C04F79EFBC}") = "08. Vowels Sum", "08. Vowels Sum\08. Vowels Sum.csproj", "{01D35EED-C549-461B-BF42-5ED440159C9E}"
EndProject
Project("{FAE04EC0-301F-11D3-BF4B-00C04F79EFBC}") = "09. Clever Lily", "09. Clever Lily\09. Clever Lily.csproj", "{2928231A-12A0-48CD-8F38-E69AB84E745F}"
EndProject
Global
	GlobalSection(SolutionConfigurationPlatforms) = preSolution
		Debug|Any CPU = Debug|Any CPU
		Release|Any CPU = Release|Any CPU
	EndGlobalSection
	GlobalSection(ProjectConfigurationPlatforms) = postSolution
		{F74DFF79-44E4-426D-87F2-A8484E913CEE}.Debug|Any CPU.ActiveCfg = Debug|Any CPU
		{F74DFF79-44E4-426D-87F2-A8484E913CEE}.Debug|Any CPU.Build.0 = Debug|Any CPU
		{F74DFF79-44E4-426D-87F2-A8484E913CEE}.Release|Any CPU.ActiveCfg = Release|Any CPU
		{F74DFF79-44E4-426D-87F2-A8484E913CEE}.Release|Any CPU.Build.0 = Release|Any CPU
		{4D7632D1-42C2-4617-8797-C3C4D8C26D25}.Debug|Any CPU.ActiveCfg = Debug|Any CPU
		{4D7632D1-42C2-4617-8797-C3C4D8C26D25}.Debug|Any CPU.Build.0 = Debug|Any CPU
		{4D7632D1-42C2-4617-8797-C3C4D8C26D25}.Release|Any CPU.ActiveCfg = Release|Any CPU
		{4D7632D1-42C2-4617-8797-C3C4D8C26D25}.Release|Any CPU.Build.0 = Release|Any CPU
		{228989DC-86FB-4A9D-BB0D-B29B03057D77}.Debug|Any CPU.ActiveCfg = Debug|Any CPU
		{228989DC-86FB-4A9D-BB0D-B29B03057D77}.Debug|Any CPU.Build.0 = Debug|Any CPU
		{228989DC-86FB-4A9D-BB0D-B29B03057D77}.Release|Any CPU.ActiveCfg = Release|Any CPU
		{228989DC-86FB-4A9D-BB0D-B29B03057D77}.Release|Any CPU.Build.0 = Release|Any CPU
		{FE76FE4B-6B6A-478D-A803-471C29410879}.Debug|Any CPU.ActiveCfg = Debug|Any CPU
		{FE76FE4B-6B6A-478D-A803-471C29410879}.Debug|Any CPU.Build.0 = Debug|Any CPU
		{FE76FE4B-6B6A-478D-A803-471C29410879}.Release|Any CPU.ActiveCfg = Release|Any CPU
		{FE76FE4B-6B6A-478D-A803-471C29410879}.Release|Any CPU.Build.0 = Release|Any CPU
		{B97CA1EF-126F-455F-908A-2DB26593570A}.Debug|Any CPU.ActiveCfg = Debug|Any CPU
		{B97CA1EF-126F-455F-908A-2DB26593570A}.Debug|Any CPU.Build.0 = Debug|Any CPU
		{B97CA1EF-126F-455F-908A-2DB26593570A}.Release|Any CPU.ActiveCfg = Release|Any CPU
		{B97CA1EF-126F-455F-908A-2DB26593570A}.Release|Any CPU.Build.0 = Release|Any CPU
		{F9AB1DD1-6088-4EFA-8E16-488BD463220C}.Debug|Any CPU.ActiveCfg = Debug|Any CPU
		{F9AB1DD1-6088-4EFA-8E16-488BD463220C}.Debug|Any CPU.Build.0 = Debug|Any CPU
		{F9AB1DD1-6088-4EFA-8E16-488BD463220C}.Release|Any CPU.ActiveCfg = Release|Any CPU
		{F9AB1DD1-6088-4EFA-8E16-488BD463220C}.Release|Any CPU.Build.0 = Release|Any CPU
		{06263D6F-C043-4C59-A5D9-1B90A88EF917}.Debug|Any CPU.ActiveCfg = Debug|Any CPU
		{06263D6F-C043-4C59-A5D9-1B90A88EF917}.Debug|Any CPU.Build.0 = Debug|Any CPU
		{06263D6F-C043-4C59-A5D9-1B90A88EF917}.Release|Any CPU.ActiveCfg = Release|Any CPU
		{06263D6F-C043-4C59-A5D9-1B90A88EF917}.Release|Any CPU.Build.0 = Release|Any CPU
		{01D35EED-C549-461B-BF42-5ED440159C9E}.Debug|Any CPU.ActiveCfg = Debug|Any CPU
		{01D35EED-C549-461B-BF42-5ED440159C9E}.Debug|Any CPU.Build.0 = Debug|Any CPU
		{01D35EED-C549-461B-BF42-5ED440159C9E}.Release|Any CPU.ActiveCfg = Release|Any CPU
		{01D35EED-C549-461B-BF42-5ED440159C9E}.Release|Any CPU.Build.0 = Release|Any CPU
		{2928231A-12A0-48CD-8F38-E69AB84E745F}.Debug|Any CPU.ActiveCfg = Debug|Any CPU
		{2928231A-12A0-48CD-8F38-E69AB84E745F}.Debug|Any CPU.Build.0 = Debug|Any CPU
		{2928231A-12A0-48CD-8F38-E69AB84E745F}.Release|Any CPU.ActiveCfg = Release|Any CPU
		{2928231A-12A0-48CD-8F38-E69AB84E745F}.Release|Any CPU.Build.0 = Release|Any CPU
	EndGlobalSection
	GlobalSection(SolutionProperties) = preSolution
		HideSolutionNode = FALSE
	EndGlobalSection
	GlobalSection(ExtensibilityGlobals) = postSolution
		SolutionGuid = {4BF3349E-B5B6-4828-A80D-5CE0953E4C05}
	EndGlobalSection
EndGlobal
