
Microsoft Visual Studio Solution File, Format Version 12.00
# Visual Studio Version 16
VisualStudioVersion = 16.0.29209.152
MinimumVisualStudioVersion = 10.0.40219.1
Project("{9A19103F-16F7-4668-BE54-9A1E7A4F7556}") = "01 Permutations without Repetition", "01 Permutations without Repetition\01 Permutations without Repetition.csproj", "{397975AB-D1C1-4ACB-9ECA-773C6A26BCD3}"
EndProject
Project("{9A19103F-16F7-4668-BE54-9A1E7A4F7556}") = "05 Combinations without Repetition", "05 Combinations without Repetition\05 Combinations without Repetition.csproj", "{6460F872-FD06-4463-86D5-4097610438C4}"
EndProject
Project("{9A19103F-16F7-4668-BE54-9A1E7A4F7556}") = "02 Permutations with Repetition", "02 Permutations with Repetition\02 Permutations with Repetition.csproj", "{AE8EC0C3-A445-483D-BDB0-2D1012521116}"
EndProject
Global
	GlobalSection(SolutionConfigurationPlatforms) = preSolution
		Debug|Any CPU = Debug|Any CPU
		Release|Any CPU = Release|Any CPU
	EndGlobalSection
	GlobalSection(ProjectConfigurationPlatforms) = postSolution
		{397975AB-D1C1-4ACB-9ECA-773C6A26BCD3}.Debug|Any CPU.ActiveCfg = Debug|Any CPU
		{397975AB-D1C1-4ACB-9ECA-773C6A26BCD3}.Debug|Any CPU.Build.0 = Debug|Any CPU
		{397975AB-D1C1-4ACB-9ECA-773C6A26BCD3}.Release|Any CPU.ActiveCfg = Release|Any CPU
		{397975AB-D1C1-4ACB-9ECA-773C6A26BCD3}.Release|Any CPU.Build.0 = Release|Any CPU
		{6460F872-FD06-4463-86D5-4097610438C4}.Debug|Any CPU.ActiveCfg = Debug|Any CPU
		{6460F872-FD06-4463-86D5-4097610438C4}.Debug|Any CPU.Build.0 = Debug|Any CPU
		{6460F872-FD06-4463-86D5-4097610438C4}.Release|Any CPU.ActiveCfg = Release|Any CPU
		{6460F872-FD06-4463-86D5-4097610438C4}.Release|Any CPU.Build.0 = Release|Any CPU
		{AE8EC0C3-A445-483D-BDB0-2D1012521116}.Debug|Any CPU.ActiveCfg = Debug|Any CPU
		{AE8EC0C3-A445-483D-BDB0-2D1012521116}.Debug|Any CPU.Build.0 = Debug|Any CPU
		{AE8EC0C3-A445-483D-BDB0-2D1012521116}.Release|Any CPU.ActiveCfg = Release|Any CPU
		{AE8EC0C3-A445-483D-BDB0-2D1012521116}.Release|Any CPU.Build.0 = Release|Any CPU
	EndGlobalSection
	GlobalSection(SolutionProperties) = preSolution
		HideSolutionNode = FALSE
	EndGlobalSection
	GlobalSection(ExtensibilityGlobals) = postSolution
		SolutionGuid = {D39266F7-0D8D-4378-B031-BD4F26391A81}
	EndGlobalSection
EndGlobal
