
Microsoft Visual Studio Solution File, Format Version 12.00
# Visual Studio Version 16
VisualStudioVersion = 16.0.29411.138
MinimumVisualStudioVersion = 10.0.40219.1
Project("{9A19103F-16F7-4668-BE54-9A1E7A4F7556}") = "P03_SalesDatabase", "P03_SalesDatabase\P03_SalesDatabase.csproj", "{B75A9D0E-4D54-4B00-B422-276F579D697E}"
EndProject
Project("{FAE04EC0-301F-11D3-BF4B-00C04F79EFBC}") = "P01_HospitalDatabase", "P01_HospitalDatabase\P01_HospitalDatabase.csproj", "{B446188F-24FB-408D-80FD-EC778A1198AA}"
EndProject
Global
	GlobalSection(SolutionConfigurationPlatforms) = preSolution
		Debug|Any CPU = Debug|Any CPU
		Release|Any CPU = Release|Any CPU
	EndGlobalSection
	GlobalSection(ProjectConfigurationPlatforms) = postSolution
		{B75A9D0E-4D54-4B00-B422-276F579D697E}.Debug|Any CPU.ActiveCfg = Debug|Any CPU
		{B75A9D0E-4D54-4B00-B422-276F579D697E}.Debug|Any CPU.Build.0 = Debug|Any CPU
		{B75A9D0E-4D54-4B00-B422-276F579D697E}.Release|Any CPU.ActiveCfg = Release|Any CPU
		{B75A9D0E-4D54-4B00-B422-276F579D697E}.Release|Any CPU.Build.0 = Release|Any CPU
		{B446188F-24FB-408D-80FD-EC778A1198AA}.Debug|Any CPU.ActiveCfg = Debug|Any CPU
		{B446188F-24FB-408D-80FD-EC778A1198AA}.Debug|Any CPU.Build.0 = Debug|Any CPU
		{B446188F-24FB-408D-80FD-EC778A1198AA}.Release|Any CPU.ActiveCfg = Release|Any CPU
		{B446188F-24FB-408D-80FD-EC778A1198AA}.Release|Any CPU.Build.0 = Release|Any CPU
	EndGlobalSection
	GlobalSection(SolutionProperties) = preSolution
		HideSolutionNode = FALSE
	EndGlobalSection
	GlobalSection(ExtensibilityGlobals) = postSolution
		SolutionGuid = {68D07B6B-8A2C-4C8D-8A73-D019EA65B1BF}
	EndGlobalSection
EndGlobal
