
Microsoft Visual Studio Solution File, Format Version 12.00
# Visual Studio 15
VisualStudioVersion = 15.0.28010.2041
MinimumVisualStudioVersion = 10.0.40219.1
Project("{FAE04EC0-301F-11D3-BF4B-00C04F79EFBC}") = "01. Hello SoftUni", "01. Hello SoftUni\01. Hello SoftUni.csproj", "{F7E6C288-216B-43B8-A3BD-2810CBE27DDC}"
EndProject
Project("{FAE04EC0-301F-11D3-BF4B-00C04F79EFBC}") = "02. Expression", "02. Expression\02. Expression.csproj", "{3726DD70-CDB5-4ACE-B122-DAC2958D78D2}"
EndProject
Project("{FAE04EC0-301F-11D3-BF4B-00C04F79EFBC}") = "03. Nums 1-20", "03. Nums 1-20\03. Nums 1-20.csproj", "{505C4780-E1C8-447D-AD47-860D0862AB1E}"
EndProject
Project("{FAE04EC0-301F-11D3-BF4B-00C04F79EFBC}") = "04. Rectangle Area", "04. Rectangle Area\04. Rectangle Area.csproj", "{293EC06F-7F98-44FF-A9BF-F55D9E4CBB7B}"
EndProject
Global
	GlobalSection(SolutionConfigurationPlatforms) = preSolution
		Debug|Any CPU = Debug|Any CPU
		Release|Any CPU = Release|Any CPU
	EndGlobalSection
	GlobalSection(ProjectConfigurationPlatforms) = postSolution
		{F7E6C288-216B-43B8-A3BD-2810CBE27DDC}.Debug|Any CPU.ActiveCfg = Debug|Any CPU
		{F7E6C288-216B-43B8-A3BD-2810CBE27DDC}.Debug|Any CPU.Build.0 = Debug|Any CPU
		{F7E6C288-216B-43B8-A3BD-2810CBE27DDC}.Release|Any CPU.ActiveCfg = Release|Any CPU
		{F7E6C288-216B-43B8-A3BD-2810CBE27DDC}.Release|Any CPU.Build.0 = Release|Any CPU
		{3726DD70-CDB5-4ACE-B122-DAC2958D78D2}.Debug|Any CPU.ActiveCfg = Debug|Any CPU
		{3726DD70-CDB5-4ACE-B122-DAC2958D78D2}.Debug|Any CPU.Build.0 = Debug|Any CPU
		{3726DD70-CDB5-4ACE-B122-DAC2958D78D2}.Release|Any CPU.ActiveCfg = Release|Any CPU
		{3726DD70-CDB5-4ACE-B122-DAC2958D78D2}.Release|Any CPU.Build.0 = Release|Any CPU
		{505C4780-E1C8-447D-AD47-860D0862AB1E}.Debug|Any CPU.ActiveCfg = Debug|Any CPU
		{505C4780-E1C8-447D-AD47-860D0862AB1E}.Debug|Any CPU.Build.0 = Debug|Any CPU
		{505C4780-E1C8-447D-AD47-860D0862AB1E}.Release|Any CPU.ActiveCfg = Release|Any CPU
		{505C4780-E1C8-447D-AD47-860D0862AB1E}.Release|Any CPU.Build.0 = Release|Any CPU
		{293EC06F-7F98-44FF-A9BF-F55D9E4CBB7B}.Debug|Any CPU.ActiveCfg = Debug|Any CPU
		{293EC06F-7F98-44FF-A9BF-F55D9E4CBB7B}.Debug|Any CPU.Build.0 = Debug|Any CPU
		{293EC06F-7F98-44FF-A9BF-F55D9E4CBB7B}.Release|Any CPU.ActiveCfg = Release|Any CPU
		{293EC06F-7F98-44FF-A9BF-F55D9E4CBB7B}.Release|Any CPU.Build.0 = Release|Any CPU
	EndGlobalSection
	GlobalSection(SolutionProperties) = preSolution
		HideSolutionNode = FALSE
	EndGlobalSection
	GlobalSection(ExtensibilityGlobals) = postSolution
		SolutionGuid = {DC8DEF4D-26AD-42FE-885E-6447058BE183}
	EndGlobalSection
EndGlobal
