
Microsoft Visual Studio Solution File, Format Version 12.00
# Visual Studio 15
VisualStudioVersion = 15.0.28307.136
MinimumVisualStudioVersion = 10.0.40219.1
Project("{9A19103F-16F7-4668-BE54-9A1E7A4F7556}") = "01 Sort Numbers", "01 Sort Numbers\01 Sort Numbers.csproj", "{EE415637-0473-42C9-88C0-2EA8F1CBA766}"
EndProject
Project("{9A19103F-16F7-4668-BE54-9A1E7A4F7556}") = "02 English Name of the Last Digit", "02 English Name of the Last Digit\02 English Name of the Last Digit.csproj", "{EEC280B0-ACBF-4E2B-8706-73A4BEF40886}"
EndProject
Project("{9A19103F-16F7-4668-BE54-9A1E7A4F7556}") = "03 Gaming Store", "03 Gaming Store\03 Gaming Store.csproj", "{3F40B1CD-D8B6-4608-A87B-B3FC95AD969C}"
EndProject
Project("{9A19103F-16F7-4668-BE54-9A1E7A4F7556}") = "04 Reverse String", "04 Reverse String\04 Reverse String.csproj", "{6EB92B33-A529-4D69-AE8B-E90764838FDD}"
EndProject
Project("{FAE04EC0-301F-11D3-BF4B-00C04F79EFBC}") = "05 Messages", "05 Messages\05 Messages.csproj", "{F9AB7406-7D7E-4F98-8B95-C8D02374BE5F}"
EndProject
Global
	GlobalSection(SolutionConfigurationPlatforms) = preSolution
		Debug|Any CPU = Debug|Any CPU
		Release|Any CPU = Release|Any CPU
	EndGlobalSection
	GlobalSection(ProjectConfigurationPlatforms) = postSolution
		{EE415637-0473-42C9-88C0-2EA8F1CBA766}.Debug|Any CPU.ActiveCfg = Debug|Any CPU
		{EE415637-0473-42C9-88C0-2EA8F1CBA766}.Debug|Any CPU.Build.0 = Debug|Any CPU
		{EE415637-0473-42C9-88C0-2EA8F1CBA766}.Release|Any CPU.ActiveCfg = Release|Any CPU
		{EE415637-0473-42C9-88C0-2EA8F1CBA766}.Release|Any CPU.Build.0 = Release|Any CPU
		{EEC280B0-ACBF-4E2B-8706-73A4BEF40886}.Debug|Any CPU.ActiveCfg = Debug|Any CPU
		{EEC280B0-ACBF-4E2B-8706-73A4BEF40886}.Debug|Any CPU.Build.0 = Debug|Any CPU
		{EEC280B0-ACBF-4E2B-8706-73A4BEF40886}.Release|Any CPU.ActiveCfg = Release|Any CPU
		{EEC280B0-ACBF-4E2B-8706-73A4BEF40886}.Release|Any CPU.Build.0 = Release|Any CPU
		{3F40B1CD-D8B6-4608-A87B-B3FC95AD969C}.Debug|Any CPU.ActiveCfg = Debug|Any CPU
		{3F40B1CD-D8B6-4608-A87B-B3FC95AD969C}.Debug|Any CPU.Build.0 = Debug|Any CPU
		{3F40B1CD-D8B6-4608-A87B-B3FC95AD969C}.Release|Any CPU.ActiveCfg = Release|Any CPU
		{3F40B1CD-D8B6-4608-A87B-B3FC95AD969C}.Release|Any CPU.Build.0 = Release|Any CPU
		{6EB92B33-A529-4D69-AE8B-E90764838FDD}.Debug|Any CPU.ActiveCfg = Debug|Any CPU
		{6EB92B33-A529-4D69-AE8B-E90764838FDD}.Debug|Any CPU.Build.0 = Debug|Any CPU
		{6EB92B33-A529-4D69-AE8B-E90764838FDD}.Release|Any CPU.ActiveCfg = Release|Any CPU
		{6EB92B33-A529-4D69-AE8B-E90764838FDD}.Release|Any CPU.Build.0 = Release|Any CPU
		{F9AB7406-7D7E-4F98-8B95-C8D02374BE5F}.Debug|Any CPU.ActiveCfg = Debug|Any CPU
		{F9AB7406-7D7E-4F98-8B95-C8D02374BE5F}.Debug|Any CPU.Build.0 = Debug|Any CPU
		{F9AB7406-7D7E-4F98-8B95-C8D02374BE5F}.Release|Any CPU.ActiveCfg = Release|Any CPU
		{F9AB7406-7D7E-4F98-8B95-C8D02374BE5F}.Release|Any CPU.Build.0 = Release|Any CPU
	EndGlobalSection
	GlobalSection(SolutionProperties) = preSolution
		HideSolutionNode = FALSE
	EndGlobalSection
	GlobalSection(ExtensibilityGlobals) = postSolution
		SolutionGuid = {25958B28-B8C2-4091-97ED-F607847B3694}
	EndGlobalSection
EndGlobal
