
Microsoft Visual Studio Solution File, Format Version 12.00
# Visual Studio 15
VisualStudioVersion = 15.0.28307.136
MinimumVisualStudioVersion = 10.0.40219.1
Project("{9A19103F-16F7-4668-BE54-9A1E7A4F7556}") = "01 Convert Meters to Kilometers", "01 Convert Meters to Kilometers\01 Convert Meters to Kilometers.csproj", "{8B9D51EB-2737-4DF3-97B0-BB2B770C8741}"
EndProject
Project("{9A19103F-16F7-4668-BE54-9A1E7A4F7556}") = "02 Pounds to Dollars", "02 Pounds to Dollars\02 Pounds to Dollars.csproj", "{9F9B2D50-92A0-4F0F-BD2A-E41885A54A6B}"
EndProject
Project("{9A19103F-16F7-4668-BE54-9A1E7A4F7556}") = "03 Exact Sum of Real Numbers", "03 Exact Sum of Real Numbers\03 Exact Sum of Real Numbers.csproj", "{19C506AF-3578-486F-821B-5A8A3E13DBCC}"
EndProject
Project("{9A19103F-16F7-4668-BE54-9A1E7A4F7556}") = "04 Centuries to Minutes", "04 Centuries to Minutes\04 Centuries to Minutes.csproj", "{ED9751E5-6504-42D3-938E-89C3761C15F7}"
EndProject
Project("{9A19103F-16F7-4668-BE54-9A1E7A4F7556}") = "05 Special Numbers", "05 Special Numbers\05 Special Numbers.csproj", "{8FE68367-1B25-4735-9803-6D8C303BB8C2}"
EndProject
Project("{9A19103F-16F7-4668-BE54-9A1E7A4F7556}") = "06 Reversed Chars", "06 Reversed Chars\06 Reversed Chars.csproj", "{C94F44CA-A388-400A-A4E8-73038A48EDE4}"
EndProject
Project("{9A19103F-16F7-4668-BE54-9A1E7A4F7556}") = "07 Concat Names", "07 Concat Names\07 Concat Names.csproj", "{22AC44BC-CA5C-4576-8DBE-B6AEC3DBE7F1}"
EndProject
Project("{FAE04EC0-301F-11D3-BF4B-00C04F79EFBC}") = "08 Town Info", "08 Town Info\08 Town Info.csproj", "{4384AE12-3289-4465-A44A-6B3CD03B57B7}"
EndProject
Project("{FAE04EC0-301F-11D3-BF4B-00C04F79EFBC}") = "09 Chars to String", "09 Chars to String\09 Chars to String.csproj", "{69F26DBE-D76C-480F-9360-A41850B613BD}"
EndProject
Project("{FAE04EC0-301F-11D3-BF4B-00C04F79EFBC}") = "10 Lower or Upper", "10 Lower or Upper\10 Lower or Upper.csproj", "{6E4C3126-D5F0-4F98-9261-2EF1ED36D730}"
EndProject
Project("{FAE04EC0-301F-11D3-BF4B-00C04F79EFBC}") = "11 Refactor Volume of Pyramid", "11 Refactor Volume of Pyramid\11 Refactor Volume of Pyramid.csproj", "{8C1D3D4B-6EBE-44B2-B219-F8A04238C0AA}"
EndProject
Project("{FAE04EC0-301F-11D3-BF4B-00C04F79EFBC}") = "12 Refactor Special Numbers", "12 Refactor Special Numbers\12 Refactor Special Numbers.csproj", "{EE5DFEDE-2F1D-4034-87B5-246E1D24EC0F}"
EndProject
Global
	GlobalSection(SolutionConfigurationPlatforms) = preSolution
		Debug|Any CPU = Debug|Any CPU
		Release|Any CPU = Release|Any CPU
	EndGlobalSection
	GlobalSection(ProjectConfigurationPlatforms) = postSolution
		{8B9D51EB-2737-4DF3-97B0-BB2B770C8741}.Debug|Any CPU.ActiveCfg = Debug|Any CPU
		{8B9D51EB-2737-4DF3-97B0-BB2B770C8741}.Debug|Any CPU.Build.0 = Debug|Any CPU
		{8B9D51EB-2737-4DF3-97B0-BB2B770C8741}.Release|Any CPU.ActiveCfg = Release|Any CPU
		{8B9D51EB-2737-4DF3-97B0-BB2B770C8741}.Release|Any CPU.Build.0 = Release|Any CPU
		{9F9B2D50-92A0-4F0F-BD2A-E41885A54A6B}.Debug|Any CPU.ActiveCfg = Debug|Any CPU
		{9F9B2D50-92A0-4F0F-BD2A-E41885A54A6B}.Debug|Any CPU.Build.0 = Debug|Any CPU
		{9F9B2D50-92A0-4F0F-BD2A-E41885A54A6B}.Release|Any CPU.ActiveCfg = Release|Any CPU
		{9F9B2D50-92A0-4F0F-BD2A-E41885A54A6B}.Release|Any CPU.Build.0 = Release|Any CPU
		{19C506AF-3578-486F-821B-5A8A3E13DBCC}.Debug|Any CPU.ActiveCfg = Debug|Any CPU
		{19C506AF-3578-486F-821B-5A8A3E13DBCC}.Debug|Any CPU.Build.0 = Debug|Any CPU
		{19C506AF-3578-486F-821B-5A8A3E13DBCC}.Release|Any CPU.ActiveCfg = Release|Any CPU
		{19C506AF-3578-486F-821B-5A8A3E13DBCC}.Release|Any CPU.Build.0 = Release|Any CPU
		{ED9751E5-6504-42D3-938E-89C3761C15F7}.Debug|Any CPU.ActiveCfg = Debug|Any CPU
		{ED9751E5-6504-42D3-938E-89C3761C15F7}.Debug|Any CPU.Build.0 = Debug|Any CPU
		{ED9751E5-6504-42D3-938E-89C3761C15F7}.Release|Any CPU.ActiveCfg = Release|Any CPU
		{ED9751E5-6504-42D3-938E-89C3761C15F7}.Release|Any CPU.Build.0 = Release|Any CPU
		{8FE68367-1B25-4735-9803-6D8C303BB8C2}.Debug|Any CPU.ActiveCfg = Debug|Any CPU
		{8FE68367-1B25-4735-9803-6D8C303BB8C2}.Debug|Any CPU.Build.0 = Debug|Any CPU
		{8FE68367-1B25-4735-9803-6D8C303BB8C2}.Release|Any CPU.ActiveCfg = Release|Any CPU
		{8FE68367-1B25-4735-9803-6D8C303BB8C2}.Release|Any CPU.Build.0 = Release|Any CPU
		{C94F44CA-A388-400A-A4E8-73038A48EDE4}.Debug|Any CPU.ActiveCfg = Debug|Any CPU
		{C94F44CA-A388-400A-A4E8-73038A48EDE4}.Debug|Any CPU.Build.0 = Debug|Any CPU
		{C94F44CA-A388-400A-A4E8-73038A48EDE4}.Release|Any CPU.ActiveCfg = Release|Any CPU
		{C94F44CA-A388-400A-A4E8-73038A48EDE4}.Release|Any CPU.Build.0 = Release|Any CPU
		{22AC44BC-CA5C-4576-8DBE-B6AEC3DBE7F1}.Debug|Any CPU.ActiveCfg = Debug|Any CPU
		{22AC44BC-CA5C-4576-8DBE-B6AEC3DBE7F1}.Debug|Any CPU.Build.0 = Debug|Any CPU
		{22AC44BC-CA5C-4576-8DBE-B6AEC3DBE7F1}.Release|Any CPU.ActiveCfg = Release|Any CPU
		{22AC44BC-CA5C-4576-8DBE-B6AEC3DBE7F1}.Release|Any CPU.Build.0 = Release|Any CPU
		{4384AE12-3289-4465-A44A-6B3CD03B57B7}.Debug|Any CPU.ActiveCfg = Debug|Any CPU
		{4384AE12-3289-4465-A44A-6B3CD03B57B7}.Debug|Any CPU.Build.0 = Debug|Any CPU
		{4384AE12-3289-4465-A44A-6B3CD03B57B7}.Release|Any CPU.ActiveCfg = Release|Any CPU
		{4384AE12-3289-4465-A44A-6B3CD03B57B7}.Release|Any CPU.Build.0 = Release|Any CPU
		{69F26DBE-D76C-480F-9360-A41850B613BD}.Debug|Any CPU.ActiveCfg = Debug|Any CPU
		{69F26DBE-D76C-480F-9360-A41850B613BD}.Debug|Any CPU.Build.0 = Debug|Any CPU
		{69F26DBE-D76C-480F-9360-A41850B613BD}.Release|Any CPU.ActiveCfg = Release|Any CPU
		{69F26DBE-D76C-480F-9360-A41850B613BD}.Release|Any CPU.Build.0 = Release|Any CPU
		{6E4C3126-D5F0-4F98-9261-2EF1ED36D730}.Debug|Any CPU.ActiveCfg = Debug|Any CPU
		{6E4C3126-D5F0-4F98-9261-2EF1ED36D730}.Debug|Any CPU.Build.0 = Debug|Any CPU
		{6E4C3126-D5F0-4F98-9261-2EF1ED36D730}.Release|Any CPU.ActiveCfg = Release|Any CPU
		{6E4C3126-D5F0-4F98-9261-2EF1ED36D730}.Release|Any CPU.Build.0 = Release|Any CPU
		{8C1D3D4B-6EBE-44B2-B219-F8A04238C0AA}.Debug|Any CPU.ActiveCfg = Debug|Any CPU
		{8C1D3D4B-6EBE-44B2-B219-F8A04238C0AA}.Debug|Any CPU.Build.0 = Debug|Any CPU
		{8C1D3D4B-6EBE-44B2-B219-F8A04238C0AA}.Release|Any CPU.ActiveCfg = Release|Any CPU
		{8C1D3D4B-6EBE-44B2-B219-F8A04238C0AA}.Release|Any CPU.Build.0 = Release|Any CPU
		{EE5DFEDE-2F1D-4034-87B5-246E1D24EC0F}.Debug|Any CPU.ActiveCfg = Debug|Any CPU
		{EE5DFEDE-2F1D-4034-87B5-246E1D24EC0F}.Debug|Any CPU.Build.0 = Debug|Any CPU
		{EE5DFEDE-2F1D-4034-87B5-246E1D24EC0F}.Release|Any CPU.ActiveCfg = Release|Any CPU
		{EE5DFEDE-2F1D-4034-87B5-246E1D24EC0F}.Release|Any CPU.Build.0 = Release|Any CPU
	EndGlobalSection
	GlobalSection(SolutionProperties) = preSolution
		HideSolutionNode = FALSE
	EndGlobalSection
	GlobalSection(ExtensibilityGlobals) = postSolution
		SolutionGuid = {8DB86991-39C9-4780-9077-9C12727A4884}
	EndGlobalSection
EndGlobal
