
Microsoft Visual Studio Solution File, Format Version 12.00
# Visual Studio 15
VisualStudioVersion = 15.0.28307.136
MinimumVisualStudioVersion = 10.0.40219.1
Project("{FAE04EC0-301F-11D3-BF4B-00C04F79EFBC}") = "02 Santa's List", "02 Santa's List\02 Santa's List.csproj", "{C023DCA1-306F-4C7D-AE6B-C899957ED09B}"
EndProject
Project("{FAE04EC0-301F-11D3-BF4B-00C04F79EFBC}") = "01 Christmas Spirit", "01 Christmas Spirit\01 Christmas Spirit.csproj", "{28E8D112-B9D9-40EA-9F47-24A74D8ED0BA}"
EndProject
Global
	GlobalSection(SolutionConfigurationPlatforms) = preSolution
		Debug|Any CPU = Debug|Any CPU
		Release|Any CPU = Release|Any CPU
	EndGlobalSection
	GlobalSection(ProjectConfigurationPlatforms) = postSolution
		{C023DCA1-306F-4C7D-AE6B-C899957ED09B}.Debug|Any CPU.ActiveCfg = Debug|Any CPU
		{C023DCA1-306F-4C7D-AE6B-C899957ED09B}.Debug|Any CPU.Build.0 = Debug|Any CPU
		{C023DCA1-306F-4C7D-AE6B-C899957ED09B}.Release|Any CPU.ActiveCfg = Release|Any CPU
		{C023DCA1-306F-4C7D-AE6B-C899957ED09B}.Release|Any CPU.Build.0 = Release|Any CPU
		{28E8D112-B9D9-40EA-9F47-24A74D8ED0BA}.Debug|Any CPU.ActiveCfg = Debug|Any CPU
		{28E8D112-B9D9-40EA-9F47-24A74D8ED0BA}.Debug|Any CPU.Build.0 = Debug|Any CPU
		{28E8D112-B9D9-40EA-9F47-24A74D8ED0BA}.Release|Any CPU.ActiveCfg = Release|Any CPU
		{28E8D112-B9D9-40EA-9F47-24A74D8ED0BA}.Release|Any CPU.Build.0 = Release|Any CPU
	EndGlobalSection
	GlobalSection(SolutionProperties) = preSolution
		HideSolutionNode = FALSE
	EndGlobalSection
	GlobalSection(ExtensibilityGlobals) = postSolution
		SolutionGuid = {D3FCDB86-F6F4-47DF-A91B-2B1E7005F2CA}
	EndGlobalSection
EndGlobal
