
Microsoft Visual Studio Solution File, Format Version 12.00
# Visual Studio Version 16
VisualStudioVersion = 16.0.29006.145
MinimumVisualStudioVersion = 10.0.40219.1
Project("{9A19103F-16F7-4668-BE54-9A1E7A4F7556}") = "01 Club Party", "01 Club Party\01 Club Party.csproj", "{CC4CC4D9-7472-4F13-BAC1-A6262E26061B}"
EndProject
Project("{FAE04EC0-301F-11D3-BF4B-00C04F79EFBC}") = "02 Tron Racers", "02 Tron Racers\02 Tron Racers.csproj", "{EE030D56-1683-4B93-99B0-2DD8B9B6C926}"
EndProject
Project("{FAE04EC0-301F-11D3-BF4B-00C04F79EFBC}") = "Heroes", "Heroes\Heroes.csproj", "{2073DB03-0557-4E9F-B6E0-A85DB96AC57F}"
EndProject
Global
	GlobalSection(SolutionConfigurationPlatforms) = preSolution
		Debug|Any CPU = Debug|Any CPU
		Release|Any CPU = Release|Any CPU
	EndGlobalSection
	GlobalSection(ProjectConfigurationPlatforms) = postSolution
		{CC4CC4D9-7472-4F13-BAC1-A6262E26061B}.Debug|Any CPU.ActiveCfg = Debug|Any CPU
		{CC4CC4D9-7472-4F13-BAC1-A6262E26061B}.Debug|Any CPU.Build.0 = Debug|Any CPU
		{CC4CC4D9-7472-4F13-BAC1-A6262E26061B}.Release|Any CPU.ActiveCfg = Release|Any CPU
		{CC4CC4D9-7472-4F13-BAC1-A6262E26061B}.Release|Any CPU.Build.0 = Release|Any CPU
		{EE030D56-1683-4B93-99B0-2DD8B9B6C926}.Debug|Any CPU.ActiveCfg = Debug|Any CPU
		{EE030D56-1683-4B93-99B0-2DD8B9B6C926}.Debug|Any CPU.Build.0 = Debug|Any CPU
		{EE030D56-1683-4B93-99B0-2DD8B9B6C926}.Release|Any CPU.ActiveCfg = Release|Any CPU
		{EE030D56-1683-4B93-99B0-2DD8B9B6C926}.Release|Any CPU.Build.0 = Release|Any CPU
		{2073DB03-0557-4E9F-B6E0-A85DB96AC57F}.Debug|Any CPU.ActiveCfg = Debug|Any CPU
		{2073DB03-0557-4E9F-B6E0-A85DB96AC57F}.Debug|Any CPU.Build.0 = Debug|Any CPU
		{2073DB03-0557-4E9F-B6E0-A85DB96AC57F}.Release|Any CPU.ActiveCfg = Release|Any CPU
		{2073DB03-0557-4E9F-B6E0-A85DB96AC57F}.Release|Any CPU.Build.0 = Release|Any CPU
	EndGlobalSection
	GlobalSection(SolutionProperties) = preSolution
		HideSolutionNode = FALSE
	EndGlobalSection
	GlobalSection(ExtensibilityGlobals) = postSolution
		SolutionGuid = {326D656E-5BC1-4711-8DC3-2DE48EDAED1F}
	EndGlobalSection
EndGlobal
