
Microsoft Visual Studio Solution File, Format Version 12.00
# Visual Studio 15
VisualStudioVersion = 15.0.28307.136
MinimumVisualStudioVersion = 10.0.40219.1
Project("{FAE04EC0-301F-11D3-BF4B-00C04F79EFBC}") = "01. Shopping Time", "01. Shopping Time\01. Shopping Time.csproj", "{E2EFED3F-4870-4A11-A22D-0E75E8A72779}"
EndProject
Project("{FAE04EC0-301F-11D3-BF4B-00C04F79EFBC}") = "02. Going Home", "02. Going Home\02. Going Home.csproj", "{BFBD7718-3C8F-4D0B-8733-D3B31C4B55DC}"
EndProject
Project("{FAE04EC0-301F-11D3-BF4B-00C04F79EFBC}") = "03. Computer Room", "03. Computer Room\03. Computer Room.csproj", "{1B70FC37-24A3-4A3A-A4A0-2E3713ABCD34}"
EndProject
Project("{FAE04EC0-301F-11D3-BF4B-00C04F79EFBC}") = "04. Own Bussiness", "04. Own Bussiness\04. Own Bussiness.csproj", "{1FFA8B62-1271-4563-8576-E5FD30A8D8DA}"
EndProject
Project("{FAE04EC0-301F-11D3-BF4B-00C04F79EFBC}") = "05. Computer Firm", "05. Computer Firm\05. Computer Firm.csproj", "{E0EEF73B-E80A-442D-A8D2-A8CB37E01BE1}"
EndProject
Global
	GlobalSection(SolutionConfigurationPlatforms) = preSolution
		Debug|Any CPU = Debug|Any CPU
		Release|Any CPU = Release|Any CPU
	EndGlobalSection
	GlobalSection(ProjectConfigurationPlatforms) = postSolution
		{E2EFED3F-4870-4A11-A22D-0E75E8A72779}.Debug|Any CPU.ActiveCfg = Debug|Any CPU
		{E2EFED3F-4870-4A11-A22D-0E75E8A72779}.Debug|Any CPU.Build.0 = Debug|Any CPU
		{E2EFED3F-4870-4A11-A22D-0E75E8A72779}.Release|Any CPU.ActiveCfg = Release|Any CPU
		{E2EFED3F-4870-4A11-A22D-0E75E8A72779}.Release|Any CPU.Build.0 = Release|Any CPU
		{BFBD7718-3C8F-4D0B-8733-D3B31C4B55DC}.Debug|Any CPU.ActiveCfg = Debug|Any CPU
		{BFBD7718-3C8F-4D0B-8733-D3B31C4B55DC}.Debug|Any CPU.Build.0 = Debug|Any CPU
		{BFBD7718-3C8F-4D0B-8733-D3B31C4B55DC}.Release|Any CPU.ActiveCfg = Release|Any CPU
		{BFBD7718-3C8F-4D0B-8733-D3B31C4B55DC}.Release|Any CPU.Build.0 = Release|Any CPU
		{1B70FC37-24A3-4A3A-A4A0-2E3713ABCD34}.Debug|Any CPU.ActiveCfg = Debug|Any CPU
		{1B70FC37-24A3-4A3A-A4A0-2E3713ABCD34}.Debug|Any CPU.Build.0 = Debug|Any CPU
		{1B70FC37-24A3-4A3A-A4A0-2E3713ABCD34}.Release|Any CPU.ActiveCfg = Release|Any CPU
		{1B70FC37-24A3-4A3A-A4A0-2E3713ABCD34}.Release|Any CPU.Build.0 = Release|Any CPU
		{1FFA8B62-1271-4563-8576-E5FD30A8D8DA}.Debug|Any CPU.ActiveCfg = Debug|Any CPU
		{1FFA8B62-1271-4563-8576-E5FD30A8D8DA}.Debug|Any CPU.Build.0 = Debug|Any CPU
		{1FFA8B62-1271-4563-8576-E5FD30A8D8DA}.Release|Any CPU.ActiveCfg = Release|Any CPU
		{1FFA8B62-1271-4563-8576-E5FD30A8D8DA}.Release|Any CPU.Build.0 = Release|Any CPU
		{E0EEF73B-E80A-442D-A8D2-A8CB37E01BE1}.Debug|Any CPU.ActiveCfg = Debug|Any CPU
		{E0EEF73B-E80A-442D-A8D2-A8CB37E01BE1}.Debug|Any CPU.Build.0 = Debug|Any CPU
		{E0EEF73B-E80A-442D-A8D2-A8CB37E01BE1}.Release|Any CPU.ActiveCfg = Release|Any CPU
		{E0EEF73B-E80A-442D-A8D2-A8CB37E01BE1}.Release|Any CPU.Build.0 = Release|Any CPU
	EndGlobalSection
	GlobalSection(SolutionProperties) = preSolution
		HideSolutionNode = FALSE
	EndGlobalSection
	GlobalSection(ExtensibilityGlobals) = postSolution
		SolutionGuid = {A280E139-2B43-4EE6-BB63-3C2773C5ABB9}
	EndGlobalSection
EndGlobal
