
Microsoft Visual Studio Solution File, Format Version 12.00
# Visual Studio Version 16
VisualStudioVersion = 16.0.29006.145
MinimumVisualStudioVersion = 10.0.40219.1
Project("{9A19103F-16F7-4668-BE54-9A1E7A4F7556}") = "01 The Garden", "01 The Garden\01 The Garden.csproj", "{71B84449-2F89-463C-8E20-3BE97D472F77}"
EndProject
Project("{FAE04EC0-301F-11D3-BF4B-00C04F79EFBC}") = "02 Make a Salad", "02 Make a Salad\02 Make a Salad.csproj", "{C11CE89A-31B3-462E-A0DD-667D68114BA0}"
EndProject
Project("{FAE04EC0-301F-11D3-BF4B-00C04F79EFBC}") = "HealthyHeaven", "HealthyHeaven\HealthyHeaven.csproj", "{AB9B4037-4C17-48CE-8F81-7DB89E00D141}"
EndProject
Global
	GlobalSection(SolutionConfigurationPlatforms) = preSolution
		Debug|Any CPU = Debug|Any CPU
		Release|Any CPU = Release|Any CPU
	EndGlobalSection
	GlobalSection(ProjectConfigurationPlatforms) = postSolution
		{71B84449-2F89-463C-8E20-3BE97D472F77}.Debug|Any CPU.ActiveCfg = Debug|Any CPU
		{71B84449-2F89-463C-8E20-3BE97D472F77}.Debug|Any CPU.Build.0 = Debug|Any CPU
		{71B84449-2F89-463C-8E20-3BE97D472F77}.Release|Any CPU.ActiveCfg = Release|Any CPU
		{71B84449-2F89-463C-8E20-3BE97D472F77}.Release|Any CPU.Build.0 = Release|Any CPU
		{C11CE89A-31B3-462E-A0DD-667D68114BA0}.Debug|Any CPU.ActiveCfg = Debug|Any CPU
		{C11CE89A-31B3-462E-A0DD-667D68114BA0}.Debug|Any CPU.Build.0 = Debug|Any CPU
		{C11CE89A-31B3-462E-A0DD-667D68114BA0}.Release|Any CPU.ActiveCfg = Release|Any CPU
		{C11CE89A-31B3-462E-A0DD-667D68114BA0}.Release|Any CPU.Build.0 = Release|Any CPU
		{AB9B4037-4C17-48CE-8F81-7DB89E00D141}.Debug|Any CPU.ActiveCfg = Debug|Any CPU
		{AB9B4037-4C17-48CE-8F81-7DB89E00D141}.Debug|Any CPU.Build.0 = Debug|Any CPU
		{AB9B4037-4C17-48CE-8F81-7DB89E00D141}.Release|Any CPU.ActiveCfg = Release|Any CPU
		{AB9B4037-4C17-48CE-8F81-7DB89E00D141}.Release|Any CPU.Build.0 = Release|Any CPU
	EndGlobalSection
	GlobalSection(SolutionProperties) = preSolution
		HideSolutionNode = FALSE
	EndGlobalSection
	GlobalSection(ExtensibilityGlobals) = postSolution
		SolutionGuid = {8A9333DD-1565-4973-813F-7B2FE0EBBACC}
	EndGlobalSection
EndGlobal
