
Microsoft Visual Studio Solution File, Format Version 12.00
# Visual Studio 15
VisualStudioVersion = 15.0.28307.136
MinimumVisualStudioVersion = 10.0.40219.1
Project("{9A19103F-16F7-4668-BE54-9A1E7A4F7556}") = "01 Train", "01 Train\01 Train.csproj", "{FABFC4B0-5070-4885-BE4A-F7B0038C68B9}"
EndProject
Project("{9A19103F-16F7-4668-BE54-9A1E7A4F7556}") = "02 Common Elements", "02 Common Elements\02 Common Elements.csproj", "{DCC22E1F-9B80-4BEA-8C22-51641AF237CD}"
EndProject
Project("{9A19103F-16F7-4668-BE54-9A1E7A4F7556}") = "03 Zig-Zag Arrays", "03 Zig-Zag Arrays\03 Zig-Zag Arrays.csproj", "{90C30EAE-5141-4131-94E6-2398E2C38CEB}"
EndProject
Project("{9A19103F-16F7-4668-BE54-9A1E7A4F7556}") = "04 Array Rotation", "04 Array Rotation\04 Array Rotation.csproj", "{1D1F7AFB-8BCE-4EF8-9C55-446E12B9C4F6}"
EndProject
Project("{9A19103F-16F7-4668-BE54-9A1E7A4F7556}") = "05 Top Integers", "05 Top Integers\05 Top Integers.csproj", "{F8FA2922-93AF-410A-A62D-7C6DDD18251F}"
EndProject
Project("{9A19103F-16F7-4668-BE54-9A1E7A4F7556}") = "06 Equal Sum", "06 Equal Sum\06 Equal Sum.csproj", "{F642AFF9-8B42-425C-B1AD-F6AC75C5F40A}"
EndProject
Project("{9A19103F-16F7-4668-BE54-9A1E7A4F7556}") = "07 Max Sequence of Equal Elements", "07 Max Sequence of Equal Elements\07 Max Sequence of Equal Elements.csproj", "{8DAE9919-83B5-436F-A24B-5F5534820B9D}"
EndProject
Project("{9A19103F-16F7-4668-BE54-9A1E7A4F7556}") = "08 Magic Sum", "08 Magic Sum\08 Magic Sum.csproj", "{FB8D056A-66E0-42F0-A3C6-58156EBFCCC1}"
EndProject
Project("{9A19103F-16F7-4668-BE54-9A1E7A4F7556}") = "09 Kamino Factory", "09 Kamino Factory\09 Kamino Factory.csproj", "{EBDD0C38-FC2E-4FF7-BB7F-B8F157C25062}"
EndProject
Project("{9A19103F-16F7-4668-BE54-9A1E7A4F7556}") = "10 LadyBugs", "10 LadyBugs\10 LadyBugs.csproj", "{8675B2E2-082F-430A-9A4A-4B4835B83DBA}"
EndProject
Global
	GlobalSection(SolutionConfigurationPlatforms) = preSolution
		Debug|Any CPU = Debug|Any CPU
		Release|Any CPU = Release|Any CPU
	EndGlobalSection
	GlobalSection(ProjectConfigurationPlatforms) = postSolution
		{FABFC4B0-5070-4885-BE4A-F7B0038C68B9}.Debug|Any CPU.ActiveCfg = Debug|Any CPU
		{FABFC4B0-5070-4885-BE4A-F7B0038C68B9}.Debug|Any CPU.Build.0 = Debug|Any CPU
		{FABFC4B0-5070-4885-BE4A-F7B0038C68B9}.Release|Any CPU.ActiveCfg = Release|Any CPU
		{FABFC4B0-5070-4885-BE4A-F7B0038C68B9}.Release|Any CPU.Build.0 = Release|Any CPU
		{DCC22E1F-9B80-4BEA-8C22-51641AF237CD}.Debug|Any CPU.ActiveCfg = Debug|Any CPU
		{DCC22E1F-9B80-4BEA-8C22-51641AF237CD}.Debug|Any CPU.Build.0 = Debug|Any CPU
		{DCC22E1F-9B80-4BEA-8C22-51641AF237CD}.Release|Any CPU.ActiveCfg = Release|Any CPU
		{DCC22E1F-9B80-4BEA-8C22-51641AF237CD}.Release|Any CPU.Build.0 = Release|Any CPU
		{90C30EAE-5141-4131-94E6-2398E2C38CEB}.Debug|Any CPU.ActiveCfg = Debug|Any CPU
		{90C30EAE-5141-4131-94E6-2398E2C38CEB}.Debug|Any CPU.Build.0 = Debug|Any CPU
		{90C30EAE-5141-4131-94E6-2398E2C38CEB}.Release|Any CPU.ActiveCfg = Release|Any CPU
		{90C30EAE-5141-4131-94E6-2398E2C38CEB}.Release|Any CPU.Build.0 = Release|Any CPU
		{1D1F7AFB-8BCE-4EF8-9C55-446E12B9C4F6}.Debug|Any CPU.ActiveCfg = Debug|Any CPU
		{1D1F7AFB-8BCE-4EF8-9C55-446E12B9C4F6}.Debug|Any CPU.Build.0 = Debug|Any CPU
		{1D1F7AFB-8BCE-4EF8-9C55-446E12B9C4F6}.Release|Any CPU.ActiveCfg = Release|Any CPU
		{1D1F7AFB-8BCE-4EF8-9C55-446E12B9C4F6}.Release|Any CPU.Build.0 = Release|Any CPU
		{F8FA2922-93AF-410A-A62D-7C6DDD18251F}.Debug|Any CPU.ActiveCfg = Debug|Any CPU
		{F8FA2922-93AF-410A-A62D-7C6DDD18251F}.Debug|Any CPU.Build.0 = Debug|Any CPU
		{F8FA2922-93AF-410A-A62D-7C6DDD18251F}.Release|Any CPU.ActiveCfg = Release|Any CPU
		{F8FA2922-93AF-410A-A62D-7C6DDD18251F}.Release|Any CPU.Build.0 = Release|Any CPU
		{F642AFF9-8B42-425C-B1AD-F6AC75C5F40A}.Debug|Any CPU.ActiveCfg = Debug|Any CPU
		{F642AFF9-8B42-425C-B1AD-F6AC75C5F40A}.Debug|Any CPU.Build.0 = Debug|Any CPU
		{F642AFF9-8B42-425C-B1AD-F6AC75C5F40A}.Release|Any CPU.ActiveCfg = Release|Any CPU
		{F642AFF9-8B42-425C-B1AD-F6AC75C5F40A}.Release|Any CPU.Build.0 = Release|Any CPU
		{8DAE9919-83B5-436F-A24B-5F5534820B9D}.Debug|Any CPU.ActiveCfg = Debug|Any CPU
		{8DAE9919-83B5-436F-A24B-5F5534820B9D}.Debug|Any CPU.Build.0 = Debug|Any CPU
		{8DAE9919-83B5-436F-A24B-5F5534820B9D}.Release|Any CPU.ActiveCfg = Release|Any CPU
		{8DAE9919-83B5-436F-A24B-5F5534820B9D}.Release|Any CPU.Build.0 = Release|Any CPU
		{FB8D056A-66E0-42F0-A3C6-58156EBFCCC1}.Debug|Any CPU.ActiveCfg = Debug|Any CPU
		{FB8D056A-66E0-42F0-A3C6-58156EBFCCC1}.Debug|Any CPU.Build.0 = Debug|Any CPU
		{FB8D056A-66E0-42F0-A3C6-58156EBFCCC1}.Release|Any CPU.ActiveCfg = Release|Any CPU
		{FB8D056A-66E0-42F0-A3C6-58156EBFCCC1}.Release|Any CPU.Build.0 = Release|Any CPU
		{EBDD0C38-FC2E-4FF7-BB7F-B8F157C25062}.Debug|Any CPU.ActiveCfg = Debug|Any CPU
		{EBDD0C38-FC2E-4FF7-BB7F-B8F157C25062}.Debug|Any CPU.Build.0 = Debug|Any CPU
		{EBDD0C38-FC2E-4FF7-BB7F-B8F157C25062}.Release|Any CPU.ActiveCfg = Release|Any CPU
		{EBDD0C38-FC2E-4FF7-BB7F-B8F157C25062}.Release|Any CPU.Build.0 = Release|Any CPU
		{8675B2E2-082F-430A-9A4A-4B4835B83DBA}.Debug|Any CPU.ActiveCfg = Debug|Any CPU
		{8675B2E2-082F-430A-9A4A-4B4835B83DBA}.Debug|Any CPU.Build.0 = Debug|Any CPU
		{8675B2E2-082F-430A-9A4A-4B4835B83DBA}.Release|Any CPU.ActiveCfg = Release|Any CPU
		{8675B2E2-082F-430A-9A4A-4B4835B83DBA}.Release|Any CPU.Build.0 = Release|Any CPU
	EndGlobalSection
	GlobalSection(SolutionProperties) = preSolution
		HideSolutionNode = FALSE
	EndGlobalSection
	GlobalSection(ExtensibilityGlobals) = postSolution
		SolutionGuid = {FF8BF653-8ED6-4155-8A1B-ECBE3B00C282}
	EndGlobalSection
EndGlobal
