
Microsoft Visual Studio Solution File, Format Version 12.00
# Visual Studio 15
VisualStudioVersion = 15.0.28307.136
MinimumVisualStudioVersion = 10.0.40219.1
Project("{FAE04EC0-301F-11D3-BF4B-00C04F79EFBC}") = "1.Climbing equipment", "1.Climbing equipment\1.Climbing equipment.csproj", "{CDB365B3-4CC6-4980-A32C-79CA37310F91}"
EndProject
Project("{FAE04EC0-301F-11D3-BF4B-00C04F79EFBC}") = "2.Mountain Run", "2.Mountain Run\2.Mountain Run.csproj", "{4D85C727-84A3-48B2-B8B3-B3A6B32440D5}"
EndProject
Project("{FAE04EC0-301F-11D3-BF4B-00C04F79EFBC}") = "3.Ski Trip", "3.Ski Trip\3.Ski Trip.csproj", "{B99065A0-6A62-4777-B3F2-0FA256F35A99}"
EndProject
Project("{FAE04EC0-301F-11D3-BF4B-00C04F79EFBC}") = "4. Puppy Care", "4. Puppy Care\4. Puppy Care.csproj", "{56AD0001-DFE7-4A43-9F01-2764A894A691}"
EndProject
Project("{FAE04EC0-301F-11D3-BF4B-00C04F79EFBC}") = "5.Project Prize", "5.Project Prize\5.Project Prize.csproj", "{B45810A7-7385-459E-9FDE-3D6A85CB51EB}"
EndProject
Global
	GlobalSection(SolutionConfigurationPlatforms) = preSolution
		Debug|Any CPU = Debug|Any CPU
		Release|Any CPU = Release|Any CPU
	EndGlobalSection
	GlobalSection(ProjectConfigurationPlatforms) = postSolution
		{CDB365B3-4CC6-4980-A32C-79CA37310F91}.Debug|Any CPU.ActiveCfg = Debug|Any CPU
		{CDB365B3-4CC6-4980-A32C-79CA37310F91}.Debug|Any CPU.Build.0 = Debug|Any CPU
		{CDB365B3-4CC6-4980-A32C-79CA37310F91}.Release|Any CPU.ActiveCfg = Release|Any CPU
		{CDB365B3-4CC6-4980-A32C-79CA37310F91}.Release|Any CPU.Build.0 = Release|Any CPU
		{4D85C727-84A3-48B2-B8B3-B3A6B32440D5}.Debug|Any CPU.ActiveCfg = Debug|Any CPU
		{4D85C727-84A3-48B2-B8B3-B3A6B32440D5}.Debug|Any CPU.Build.0 = Debug|Any CPU
		{4D85C727-84A3-48B2-B8B3-B3A6B32440D5}.Release|Any CPU.ActiveCfg = Release|Any CPU
		{4D85C727-84A3-48B2-B8B3-B3A6B32440D5}.Release|Any CPU.Build.0 = Release|Any CPU
		{B99065A0-6A62-4777-B3F2-0FA256F35A99}.Debug|Any CPU.ActiveCfg = Debug|Any CPU
		{B99065A0-6A62-4777-B3F2-0FA256F35A99}.Debug|Any CPU.Build.0 = Debug|Any CPU
		{B99065A0-6A62-4777-B3F2-0FA256F35A99}.Release|Any CPU.ActiveCfg = Release|Any CPU
		{B99065A0-6A62-4777-B3F2-0FA256F35A99}.Release|Any CPU.Build.0 = Release|Any CPU
		{56AD0001-DFE7-4A43-9F01-2764A894A691}.Debug|Any CPU.ActiveCfg = Debug|Any CPU
		{56AD0001-DFE7-4A43-9F01-2764A894A691}.Debug|Any CPU.Build.0 = Debug|Any CPU
		{56AD0001-DFE7-4A43-9F01-2764A894A691}.Release|Any CPU.ActiveCfg = Release|Any CPU
		{56AD0001-DFE7-4A43-9F01-2764A894A691}.Release|Any CPU.Build.0 = Release|Any CPU
		{B45810A7-7385-459E-9FDE-3D6A85CB51EB}.Debug|Any CPU.ActiveCfg = Debug|Any CPU
		{B45810A7-7385-459E-9FDE-3D6A85CB51EB}.Debug|Any CPU.Build.0 = Debug|Any CPU
		{B45810A7-7385-459E-9FDE-3D6A85CB51EB}.Release|Any CPU.ActiveCfg = Release|Any CPU
		{B45810A7-7385-459E-9FDE-3D6A85CB51EB}.Release|Any CPU.Build.0 = Release|Any CPU
	EndGlobalSection
	GlobalSection(SolutionProperties) = preSolution
		HideSolutionNode = FALSE
	EndGlobalSection
	GlobalSection(ExtensibilityGlobals) = postSolution
		SolutionGuid = {9678067F-152C-413A-94DA-867F88EC5512}
	EndGlobalSection
EndGlobal
