
Microsoft Visual Studio Solution File, Format Version 12.00
# Visual Studio 15
VisualStudioVersion = 15.0.28307.136
MinimumVisualStudioVersion = 10.0.40219.1
Project("{FAE04EC0-301F-11D3-BF4B-00C04F79EFBC}") = "01 Sum Adjacent Equal Numbers", "01 Sum Adjacent Equal Numbers\01 Sum Adjacent Equal Numbers.csproj", "{41B1E9C1-B6C2-426E-A6A2-1DAB7ECA086D}"
EndProject
Project("{FAE04EC0-301F-11D3-BF4B-00C04F79EFBC}") = "02 Gauss' Trick", "02 Gauss' Trick\02 Gauss' Trick.csproj", "{6A2F3414-A4F3-4D21-A957-B7F0B1320820}"
EndProject
Project("{FAE04EC0-301F-11D3-BF4B-00C04F79EFBC}") = "03 Merging Lists", "03 Merging Lists\03 Merging Lists.csproj", "{085A1A45-9B09-46E6-B967-1163DA18D643}"
EndProject
Project("{FAE04EC0-301F-11D3-BF4B-00C04F79EFBC}") = "04 List of Products", "04 List of Products\04 List of Products.csproj", "{C613576A-BE6D-404D-9109-7692BAB9ECE5}"
EndProject
Project("{FAE04EC0-301F-11D3-BF4B-00C04F79EFBC}") = "05 Remove Negatives and Reverse", "05 Remove Negatives and Reverse\05 Remove Negatives and Reverse.csproj", "{63CE2280-6A53-4EA1-8562-CCC6DC45AA26}"
EndProject
Project("{FAE04EC0-301F-11D3-BF4B-00C04F79EFBC}") = "06 List Manipulation Basics", "06 List Manipulation Basics\06 List Manipulation Basics.csproj", "{636BF387-03CB-4E4C-BD8E-480E2015FE6F}"
EndProject
Project("{FAE04EC0-301F-11D3-BF4B-00C04F79EFBC}") = "07 List Manipulation Advanced", "07 List Manipulation Advanced\07 List Manipulation Advanced.csproj", "{808682D5-12CC-4586-81A2-3EB67CAC65AE}"
EndProject
Global
	GlobalSection(SolutionConfigurationPlatforms) = preSolution
		Debug|Any CPU = Debug|Any CPU
		Release|Any CPU = Release|Any CPU
	EndGlobalSection
	GlobalSection(ProjectConfigurationPlatforms) = postSolution
		{41B1E9C1-B6C2-426E-A6A2-1DAB7ECA086D}.Debug|Any CPU.ActiveCfg = Debug|Any CPU
		{41B1E9C1-B6C2-426E-A6A2-1DAB7ECA086D}.Debug|Any CPU.Build.0 = Debug|Any CPU
		{41B1E9C1-B6C2-426E-A6A2-1DAB7ECA086D}.Release|Any CPU.ActiveCfg = Release|Any CPU
		{41B1E9C1-B6C2-426E-A6A2-1DAB7ECA086D}.Release|Any CPU.Build.0 = Release|Any CPU
		{6A2F3414-A4F3-4D21-A957-B7F0B1320820}.Debug|Any CPU.ActiveCfg = Debug|Any CPU
		{6A2F3414-A4F3-4D21-A957-B7F0B1320820}.Debug|Any CPU.Build.0 = Debug|Any CPU
		{6A2F3414-A4F3-4D21-A957-B7F0B1320820}.Release|Any CPU.ActiveCfg = Release|Any CPU
		{6A2F3414-A4F3-4D21-A957-B7F0B1320820}.Release|Any CPU.Build.0 = Release|Any CPU
		{085A1A45-9B09-46E6-B967-1163DA18D643}.Debug|Any CPU.ActiveCfg = Debug|Any CPU
		{085A1A45-9B09-46E6-B967-1163DA18D643}.Debug|Any CPU.Build.0 = Debug|Any CPU
		{085A1A45-9B09-46E6-B967-1163DA18D643}.Release|Any CPU.ActiveCfg = Release|Any CPU
		{085A1A45-9B09-46E6-B967-1163DA18D643}.Release|Any CPU.Build.0 = Release|Any CPU
		{C613576A-BE6D-404D-9109-7692BAB9ECE5}.Debug|Any CPU.ActiveCfg = Debug|Any CPU
		{C613576A-BE6D-404D-9109-7692BAB9ECE5}.Debug|Any CPU.Build.0 = Debug|Any CPU
		{C613576A-BE6D-404D-9109-7692BAB9ECE5}.Release|Any CPU.ActiveCfg = Release|Any CPU
		{C613576A-BE6D-404D-9109-7692BAB9ECE5}.Release|Any CPU.Build.0 = Release|Any CPU
		{63CE2280-6A53-4EA1-8562-CCC6DC45AA26}.Debug|Any CPU.ActiveCfg = Debug|Any CPU
		{63CE2280-6A53-4EA1-8562-CCC6DC45AA26}.Debug|Any CPU.Build.0 = Debug|Any CPU
		{63CE2280-6A53-4EA1-8562-CCC6DC45AA26}.Release|Any CPU.ActiveCfg = Release|Any CPU
		{63CE2280-6A53-4EA1-8562-CCC6DC45AA26}.Release|Any CPU.Build.0 = Release|Any CPU
		{636BF387-03CB-4E4C-BD8E-480E2015FE6F}.Debug|Any CPU.ActiveCfg = Debug|Any CPU
		{636BF387-03CB-4E4C-BD8E-480E2015FE6F}.Debug|Any CPU.Build.0 = Debug|Any CPU
		{636BF387-03CB-4E4C-BD8E-480E2015FE6F}.Release|Any CPU.ActiveCfg = Release|Any CPU
		{636BF387-03CB-4E4C-BD8E-480E2015FE6F}.Release|Any CPU.Build.0 = Release|Any CPU
		{808682D5-12CC-4586-81A2-3EB67CAC65AE}.Debug|Any CPU.ActiveCfg = Debug|Any CPU
		{808682D5-12CC-4586-81A2-3EB67CAC65AE}.Debug|Any CPU.Build.0 = Debug|Any CPU
		{808682D5-12CC-4586-81A2-3EB67CAC65AE}.Release|Any CPU.ActiveCfg = Release|Any CPU
		{808682D5-12CC-4586-81A2-3EB67CAC65AE}.Release|Any CPU.Build.0 = Release|Any CPU
	EndGlobalSection
	GlobalSection(SolutionProperties) = preSolution
		HideSolutionNode = FALSE
	EndGlobalSection
	GlobalSection(ExtensibilityGlobals) = postSolution
		SolutionGuid = {376D07F4-D88B-4A1F-8926-376ADCB1777E}
	EndGlobalSection
EndGlobal
